
Microsoft Visual Studio Solution File, Format Version 12.00
# Visual Studio Version 16
VisualStudioVersion = 16.0.31025.194
MinimumVisualStudioVersion = 10.0.40219.1
Project("{9A19103F-16F7-4668-BE54-9A1E7A4F7556}") = "KampIntro", "KampIntro\KampIntro.csproj", "{4C4FB0B9-5E65-48EA-9A7B-87B2A594DD4D}"
EndProject
Project("{9A19103F-16F7-4668-BE54-9A1E7A4F7556}") = "Donguler", "Donguler\Donguler.csproj", "{FCCC47A7-6C7B-4984-A75A-589208A8D703}"
EndProject
Project("{9A19103F-16F7-4668-BE54-9A1E7A4F7556}") = "ClassIntro", "ClassIntro\ClassIntro.csproj", "{14559787-4CB8-4C8D-A166-4FA9BC550347}"
EndProject
Project("{9A19103F-16F7-4668-BE54-9A1E7A4F7556}") = "Metotlar", "Metotlar\Metotlar.csproj", "{9C140A00-51AE-4F48-9862-0EB2C245B371}"
EndProject
Project("{9A19103F-16F7-4668-BE54-9A1E7A4F7556}") = "Matematik", "Matematik\Matematik.csproj", "{5B70E57D-C670-47FD-99A8-56A3C7C49E33}"
EndProject
Project("{9A19103F-16F7-4668-BE54-9A1E7A4F7556}") = "DegerVeReferansTipler", "DegerVeReferansTipler\DegerVeReferansTipler.csproj", "{E3FE4B76-B97D-4F84-9C5F-06360EBB7FD1}"
EndProject
Project("{9A19103F-16F7-4668-BE54-9A1E7A4F7556}") = "OOP1", "OOP1\OOP1.csproj", "{50BAE220-1709-4ED6-A5A9-29B4A892CA9C}"
EndProject
Project("{9A19103F-16F7-4668-BE54-9A1E7A4F7556}") = "Koleksiyonlar", "Koleksiyonlar\Koleksiyonlar.csproj", "{9DF08E8B-2425-4794-A3D1-5910F7E09C2A}"
EndProject
Project("{FAE04EC0-301F-11D3-BF4B-00C04F79EFBC}") = "GenericsIntro", "GenericsIntro\GenericsIntro.csproj", "{57E30EE2-424E-4857-B2AF-7489A911B0A2}"
EndProject
Global
	GlobalSection(SolutionConfigurationPlatforms) = preSolution
		Debug|Any CPU = Debug|Any CPU
		Release|Any CPU = Release|Any CPU
	EndGlobalSection
	GlobalSection(ProjectConfigurationPlatforms) = postSolution
		{4C4FB0B9-5E65-48EA-9A7B-87B2A594DD4D}.Debug|Any CPU.ActiveCfg = Debug|Any CPU
		{4C4FB0B9-5E65-48EA-9A7B-87B2A594DD4D}.Debug|Any CPU.Build.0 = Debug|Any CPU
		{4C4FB0B9-5E65-48EA-9A7B-87B2A594DD4D}.Release|Any CPU.ActiveCfg = Release|Any CPU
		{4C4FB0B9-5E65-48EA-9A7B-87B2A594DD4D}.Release|Any CPU.Build.0 = Release|Any CPU
		{FCCC47A7-6C7B-4984-A75A-589208A8D703}.Debug|Any CPU.ActiveCfg = Debug|Any CPU
		{FCCC47A7-6C7B-4984-A75A-589208A8D703}.Debug|Any CPU.Build.0 = Debug|Any CPU
		{FCCC47A7-6C7B-4984-A75A-589208A8D703}.Release|Any CPU.ActiveCfg = Release|Any CPU
		{FCCC47A7-6C7B-4984-A75A-589208A8D703}.Release|Any CPU.Build.0 = Release|Any CPU
		{14559787-4CB8-4C8D-A166-4FA9BC550347}.Debug|Any CPU.ActiveCfg = Debug|Any CPU
		{14559787-4CB8-4C8D-A166-4FA9BC550347}.Debug|Any CPU.Build.0 = Debug|Any CPU
		{14559787-4CB8-4C8D-A166-4FA9BC550347}.Release|Any CPU.ActiveCfg = Release|Any CPU
		{14559787-4CB8-4C8D-A166-4FA9BC550347}.Release|Any CPU.Build.0 = Release|Any CPU
		{9C140A00-51AE-4F48-9862-0EB2C245B371}.Debug|Any CPU.ActiveCfg = Debug|Any CPU
		{9C140A00-51AE-4F48-9862-0EB2C245B371}.Debug|Any CPU.Build.0 = Debug|Any CPU
		{9C140A00-51AE-4F48-9862-0EB2C245B371}.Release|Any CPU.ActiveCfg = Release|Any CPU
		{9C140A00-51AE-4F48-9862-0EB2C245B371}.Release|Any CPU.Build.0 = Release|Any CPU
		{5B70E57D-C670-47FD-99A8-56A3C7C49E33}.Debug|Any CPU.ActiveCfg = Debug|Any CPU
		{5B70E57D-C670-47FD-99A8-56A3C7C49E33}.Debug|Any CPU.Build.0 = Debug|Any CPU
		{5B70E57D-C670-47FD-99A8-56A3C7C49E33}.Release|Any CPU.ActiveCfg = Release|Any CPU
		{5B70E57D-C670-47FD-99A8-56A3C7C49E33}.Release|Any CPU.Build.0 = Release|Any CPU
		{E3FE4B76-B97D-4F84-9C5F-06360EBB7FD1}.Debug|Any CPU.ActiveCfg = Debug|Any CPU
		{E3FE4B76-B97D-4F84-9C5F-06360EBB7FD1}.Debug|Any CPU.Build.0 = Debug|Any CPU
		{E3FE4B76-B97D-4F84-9C5F-06360EBB7FD1}.Release|Any CPU.ActiveCfg = Release|Any CPU
		{E3FE4B76-B97D-4F84-9C5F-06360EBB7FD1}.Release|Any CPU.Build.0 = Release|Any CPU
		{50BAE220-1709-4ED6-A5A9-29B4A892CA9C}.Debug|Any CPU.ActiveCfg = Debug|Any CPU
		{50BAE220-1709-4ED6-A5A9-29B4A892CA9C}.Debug|Any CPU.Build.0 = Debug|Any CPU
		{50BAE220-1709-4ED6-A5A9-29B4A892CA9C}.Release|Any CPU.ActiveCfg = Release|Any CPU
		{50BAE220-1709-4ED6-A5A9-29B4A892CA9C}.Release|Any CPU.Build.0 = Release|Any CPU
		{9DF08E8B-2425-4794-A3D1-5910F7E09C2A}.Debug|Any CPU.ActiveCfg = Debug|Any CPU
		{9DF08E8B-2425-4794-A3D1-5910F7E09C2A}.Debug|Any CPU.Build.0 = Debug|Any CPU
		{9DF08E8B-2425-4794-A3D1-5910F7E09C2A}.Release|Any CPU.ActiveCfg = Release|Any CPU
		{9DF08E8B-2425-4794-A3D1-5910F7E09C2A}.Release|Any CPU.Build.0 = Release|Any CPU
		{57E30EE2-424E-4857-B2AF-7489A911B0A2}.Debug|Any CPU.ActiveCfg = Debug|Any CPU
		{57E30EE2-424E-4857-B2AF-7489A911B0A2}.Debug|Any CPU.Build.0 = Debug|Any CPU
		{57E30EE2-424E-4857-B2AF-7489A911B0A2}.Release|Any CPU.ActiveCfg = Release|Any CPU
		{57E30EE2-424E-4857-B2AF-7489A911B0A2}.Release|Any CPU.Build.0 = Release|Any CPU
	EndGlobalSection
	GlobalSection(SolutionProperties) = preSolution
		HideSolutionNode = FALSE
	EndGlobalSection
	GlobalSection(ExtensibilityGlobals) = postSolution
		SolutionGuid = {BC098A42-0B27-4E34-A690-2CD06DBF9E4C}
	EndGlobalSection
EndGlobal
